
Microsoft Visual Studio Solution File, Format Version 12.00
# Visual Studio Version 17
VisualStudioVersion = 17.0.31903.59
MinimumVisualStudioVersion = 10.0.40219.1
Project("{FAE04EC0-301F-11D3-BF4B-00C04F79EFBC}") = "CryptoSimulator", "CryptoSimulator\CryptoSimulator.csproj", "{561C955D-CF4C-4971-AEF3-1E23A7194FD4}"
EndProject
Project("{FAE04EC0-301F-11D3-BF4B-00C04F79EFBC}") = "CryptoSimulator.Services", "CryptoSimulator.Services\CryptoSimulator.Services.csproj", "{671C4573-D528-4153-A0C4-E43AEC2C7CB9}"
EndProject
Project("{FAE04EC0-301F-11D3-BF4B-00C04F79EFBC}") = "CryptoSimulator.DataContext", "CryptoSimulator.DataContext\CryptoSimulator.DataContext.csproj", "{296AD3F6-FF12-4B4C-9E8A-2F791B0776F4}"
EndProject
Global
	GlobalSection(SolutionConfigurationPlatforms) = preSolution
		Debug|Any CPU = Debug|Any CPU
		Debug|x64 = Debug|x64
		Debug|x86 = Debug|x86
		Release|Any CPU = Release|Any CPU
		Release|x64 = Release|x64
		Release|x86 = Release|x86
	EndGlobalSection
	GlobalSection(ProjectConfigurationPlatforms) = postSolution
		{561C955D-CF4C-4971-AEF3-1E23A7194FD4}.Debug|Any CPU.ActiveCfg = Debug|Any CPU
		{561C955D-CF4C-4971-AEF3-1E23A7194FD4}.Debug|Any CPU.Build.0 = Debug|Any CPU
		{561C955D-CF4C-4971-AEF3-1E23A7194FD4}.Debug|x64.ActiveCfg = Debug|Any CPU
		{561C955D-CF4C-4971-AEF3-1E23A7194FD4}.Debug|x64.Build.0 = Debug|Any CPU
		{561C955D-CF4C-4971-AEF3-1E23A7194FD4}.Debug|x86.ActiveCfg = Debug|Any CPU
		{561C955D-CF4C-4971-AEF3-1E23A7194FD4}.Debug|x86.Build.0 = Debug|Any CPU
		{561C955D-CF4C-4971-AEF3-1E23A7194FD4}.Release|Any CPU.ActiveCfg = Release|Any CPU
		{561C955D-CF4C-4971-AEF3-1E23A7194FD4}.Release|Any CPU.Build.0 = Release|Any CPU
		{561C955D-CF4C-4971-AEF3-1E23A7194FD4}.Release|x64.ActiveCfg = Release|Any CPU
		{561C955D-CF4C-4971-AEF3-1E23A7194FD4}.Release|x64.Build.0 = Release|Any CPU
		{561C955D-CF4C-4971-AEF3-1E23A7194FD4}.Release|x86.ActiveCfg = Release|Any CPU
		{561C955D-CF4C-4971-AEF3-1E23A7194FD4}.Release|x86.Build.0 = Release|Any CPU
		{671C4573-D528-4153-A0C4-E43AEC2C7CB9}.Debug|Any CPU.ActiveCfg = Debug|Any CPU
		{671C4573-D528-4153-A0C4-E43AEC2C7CB9}.Debug|Any CPU.Build.0 = Debug|Any CPU
		{671C4573-D528-4153-A0C4-E43AEC2C7CB9}.Debug|x64.ActiveCfg = Debug|Any CPU
		{671C4573-D528-4153-A0C4-E43AEC2C7CB9}.Debug|x64.Build.0 = Debug|Any CPU
		{671C4573-D528-4153-A0C4-E43AEC2C7CB9}.Debug|x86.ActiveCfg = Debug|Any CPU
		{671C4573-D528-4153-A0C4-E43AEC2C7CB9}.Debug|x86.Build.0 = Debug|Any CPU
		{671C4573-D528-4153-A0C4-E43AEC2C7CB9}.Release|Any CPU.ActiveCfg = Release|Any CPU
		{671C4573-D528-4153-A0C4-E43AEC2C7CB9}.Release|Any CPU.Build.0 = Release|Any CPU
		{671C4573-D528-4153-A0C4-E43AEC2C7CB9}.Release|x64.ActiveCfg = Release|Any CPU
		{671C4573-D528-4153-A0C4-E43AEC2C7CB9}.Release|x64.Build.0 = Release|Any CPU
		{671C4573-D528-4153-A0C4-E43AEC2C7CB9}.Release|x86.ActiveCfg = Release|Any CPU
		{671C4573-D528-4153-A0C4-E43AEC2C7CB9}.Release|x86.Build.0 = Release|Any CPU
		{296AD3F6-FF12-4B4C-9E8A-2F791B0776F4}.Debug|Any CPU.ActiveCfg = Debug|Any CPU
		{296AD3F6-FF12-4B4C-9E8A-2F791B0776F4}.Debug|Any CPU.Build.0 = Debug|Any CPU
		{296AD3F6-FF12-4B4C-9E8A-2F791B0776F4}.Debug|x64.ActiveCfg = Debug|Any CPU
		{296AD3F6-FF12-4B4C-9E8A-2F791B0776F4}.Debug|x64.Build.0 = Debug|Any CPU
		{296AD3F6-FF12-4B4C-9E8A-2F791B0776F4}.Debug|x86.ActiveCfg = Debug|Any CPU
		{296AD3F6-FF12-4B4C-9E8A-2F791B0776F4}.Debug|x86.Build.0 = Debug|Any CPU
		{296AD3F6-FF12-4B4C-9E8A-2F791B0776F4}.Release|Any CPU.ActiveCfg = Release|Any CPU
		{296AD3F6-FF12-4B4C-9E8A-2F791B0776F4}.Release|Any CPU.Build.0 = Release|Any CPU
		{296AD3F6-FF12-4B4C-9E8A-2F791B0776F4}.Release|x64.ActiveCfg = Release|Any CPU
		{296AD3F6-FF12-4B4C-9E8A-2F791B0776F4}.Release|x64.Build.0 = Release|Any CPU
		{296AD3F6-FF12-4B4C-9E8A-2F791B0776F4}.Release|x86.ActiveCfg = Release|Any CPU
		{296AD3F6-FF12-4B4C-9E8A-2F791B0776F4}.Release|x86.Build.0 = Release|Any CPU
	EndGlobalSection
	GlobalSection(SolutionProperties) = preSolution
		HideSolutionNode = FALSE
	EndGlobalSection
EndGlobal
